// !$*UTF8*$!
{
	archiveVersion = 1;
	classes = {
	};
	objectVersion = 50;
	objects = {

/* Begin PBXBuildFile section */
		AD1AA8E72105D80E0075D142 /* AppDelegate.swift in Sources */ = {isa = PBXBuildFile; fileRef = AD1AA8E62105D80E0075D142 /* AppDelegate.swift */; };
		AD1AA8E92105D80E0075D142 /* ViewController.swift in Sources */ = {isa = PBXBuildFile; fileRef = AD1AA8E82105D80E0075D142 /* ViewController.swift */; };
		AD1AA8EC2105D80E0075D142 /* Main.storyboard in Resources */ = {isa = PBXBuildFile; fileRef = AD1AA8EA2105D80E0075D142 /* Main.storyboard */; };
		AD1AA8EE2105D8120075D142 /* Assets.xcassets in Resources */ = {isa = PBXBuildFile; fileRef = AD1AA8ED2105D8120075D142 /* Assets.xcassets */; };
		AD1AA8F12105D8120075D142 /* LaunchScreen.storyboard in Resources */ = {isa = PBXBuildFile; fileRef = AD1AA8EF2105D8120075D142 /* LaunchScreen.storyboard */; };
		AD1AA8FC2105D8120075D142 /* LeisureMapTests.swift in Sources */ = {isa = PBXBuildFile; fileRef = AD1AA8FB2105D8120075D142 /* LeisureMapTests.swift */; };
		AD1AA9072105D8120075D142 /* LeisureMapUITests.swift in Sources */ = {isa = PBXBuildFile; fileRef = AD1AA9062105D8120075D142 /* LeisureMapUITests.swift */; };
/* End PBXBuildFile section */

/* Begin PBXContainerItemProxy section */
		AD1AA8F82105D8120075D142 /* PBXContainerItemProxy */ = {
			isa = PBXContainerItemProxy;
			containerPortal = AD1AA8DB2105D80E0075D142 /* Project object */;
			proxyType = 1;
			remoteGlobalIDString = AD1AA8E22105D80E0075D142;
			remoteInfo = LeisureMap;
		};
		AD1AA9032105D8120075D142 /* PBXContainerItemProxy */ = {
			isa = PBXContainerItemProxy;
			containerPortal = AD1AA8DB2105D80E0075D142 /* Project object */;
			proxyType = 1;
			remoteGlobalIDString = AD1AA8E22105D80E0075D142;
			remoteInfo = LeisureMap;
		};
/* End PBXContainerItemProxy section */

/* Begin PBXFileReference section */
		AD1AA8E32105D80E0075D142 /* LeisureMap.app */ = {isa = PBXFileReference; explicitFileType = wrapper.application; includeInIndex = 0; path = LeisureMap.app; sourceTree = BUILT_PRODUCTS_DIR; };
		AD1AA8E62105D80E0075D142 /* AppDelegate.swift */ = {isa = PBXFileReference; lastKnownFileType = sourcecode.swift; path = AppDelegate.swift; sourceTree = "<group>"; };
		AD1AA8E82105D80E0075D142 /* ViewController.swift */ = {isa = PBXFileReference; lastKnownFileType = sourcecode.swift; path = ViewController.swift; sourceTree = "<group>"; };
		AD1AA8EB2105D80E0075D142 /* Base */ = {isa = PBXFileReference; lastKnownFileType = file.storyboard; name = Base; path = Base.lproj/Main.storyboard; sourceTree = "<group>"; };
		AD1AA8ED2105D8120075D142 /* Assets.xcassets */ = {isa = PBXFileReference; lastKnownFileType = folder.assetcatalog; path = Assets.xcassets; sourceTree = "<group>"; };
		AD1AA8F02105D8120075D142 /* Base */ = {isa = PBXFileReference; lastKnownFileType = file.storyboard; name = Base; path = Base.lproj/LaunchScreen.storyboard; sourceTree = "<group>"; };
		AD1AA8F22105D8120075D142 /* Info.plist */ = {isa = PBXFileReference; lastKnownFileType = text.plist.xml; path = Info.plist; sourceTree = "<group>"; };
		AD1AA8F72105D8120075D142 /* LeisureMapTests.xctest */ = {isa = PBXFileReference; explicitFileType = wrapper.cfbundle; includeInIndex = 0; path = LeisureMapTests.xctest; sourceTree = BUILT_PRODUCTS_DIR; };
		AD1AA8FB2105D8120075D142 /* LeisureMapTests.swift */ = {isa = PBXFileReference; lastKnownFileType = sourcecode.swift; path = LeisureMapTests.swift; sourceTree = "<group>"; };
		AD1AA8FD2105D8120075D142 /* Info.plist */ = {isa = PBXFileReference; lastKnownFileType = text.plist.xml; path = Info.plist; sourceTree = "<group>"; };
		AD1AA9022105D8120075D142 /* LeisureMapUITests.xctest */ = {isa = PBXFileReference; explicitFileType = wrapper.cfbundle; includeInIndex = 0; path = LeisureMapUITests.xctest; sourceTree = BUILT_PRODUCTS_DIR; };
		AD1AA9062105D8120075D142 /* LeisureMapUITests.swift */ = {isa = PBXFileReference; lastKnownFileType = sourcecode.swift; path = LeisureMapUITests.swift; sourceTree = "<group>"; };
		AD1AA9082105D8120075D142 /* Info.plist */ = {isa = PBXFileReference; lastKnownFileType = text.plist.xml; path = Info.plist; sourceTree = "<group>"; };
/* End PBXFileReference section */

/* Begin PBXFrameworksBuildPhase section */
		AD1AA8E02105D80E0075D142 /* Frameworks */ = {
			isa = PBXFrameworksBuildPhase;
			buildActionMask = 2147483647;
			files = (
			);
			runOnlyForDeploymentPostprocessing = 0;
		};
		AD1AA8F42105D8120075D142 /* Frameworks */ = {
			isa = PBXFrameworksBuildPhase;
			buildActionMask = 2147483647;
			files = (
			);
			runOnlyForDeploymentPostprocessing = 0;
		};
		AD1AA8FF2105D8120075D142 /* Frameworks */ = {
			isa = PBXFrameworksBuildPhase;
			buildActionMask = 2147483647;
			files = (
			);
			runOnlyForDeploymentPostprocessing = 0;
		};
/* End PBXFrameworksBuildPhase section */

/* Begin PBXGroup section */
		AD1AA8DA2105D80E0075D142 = {
			isa = PBXGroup;
			children = (
				AD1AA8E52105D80E0075D142 /* LeisureMap */,
				AD1AA8FA2105D8120075D142 /* LeisureMapTests */,
				AD1AA9052105D8120075D142 /* LeisureMapUITests */,
				AD1AA8E42105D80E0075D142 /* Products */,
			);
			sourceTree = "<group>";
		};
		AD1AA8E42105D80E0075D142 /* Products */ = {
			isa = PBXGroup;
			children = (
				AD1AA8E32105D80E0075D142 /* LeisureMap.app */,
				AD1AA8F72105D8120075D142 /* LeisureMapTests.xctest */,
				AD1AA9022105D8120075D142 /* LeisureMapUITests.xctest */,
			);
			name = Products;
			sourceTree = "<group>";
		};
		AD1AA8E52105D80E0075D142 /* LeisureMap */ = {
			isa = PBXGroup;
			children = (
				AD1AA8E62105D80E0075D142 /* AppDelegate.swift */,
				AD1AA8E82105D80E0075D142 /* ViewController.swift */,
				AD1AA8EA2105D80E0075D142 /* Main.storyboard */,
				AD1AA8ED2105D8120075D142 /* Assets.xcassets */,
				AD1AA8EF2105D8120075D142 /* LaunchScreen.storyboard */,
				AD1AA8F22105D8120075D142 /* Info.plist */,
			);
			path = LeisureMap;
			sourceTree = "<group>";
		};
		AD1AA8FA2105D8120075D142 /* LeisureMapTests */ = {
			isa = PBXGroup;
			children = (
				AD1AA8FB2105D8120075D142 /* LeisureMapTests.swift */,
				AD1AA8FD2105D8120075D142 /* Info.plist */,
			);
			path = LeisureMapTests;
			sourceTree = "<group>";
		};
		AD1AA9052105D8120075D142 /* LeisureMapUITests */ = {
			isa = PBXGroup;
			children = (
				AD1AA9062105D8120075D142 /* LeisureMapUITests.swift */,
				AD1AA9082105D8120075D142 /* Info.plist */,
			);
			path = LeisureMapUITests;
			sourceTree = "<group>";
		};
/* End PBXGroup section */

/* Begin PBXNativeTarget section */
		AD1AA8E22105D80E0075D142 /* LeisureMap */ = {
			isa = PBXNativeTarget;
			buildConfigurationList = AD1AA90B2105D8120075D142 /* Build configuration list for PBXNativeTarget "LeisureMap" */;
			buildPhases = (
				AD1AA8DF2105D80E0075D142 /* Sources */,
				AD1AA8E02105D80E0075D142 /* Frameworks */,
				AD1AA8E12105D80E0075D142 /* Resources */,
			);
			buildRules = (
			);
			dependencies = (
			);
			name = LeisureMap;
			productName = LeisureMap;
			productReference = AD1AA8E32105D80E0075D142 /* LeisureMap.app */;
			productType = "com.apple.product-type.application";
		};
		AD1AA8F62105D8120075D142 /* LeisureMapTests */ = {
			isa = PBXNativeTarget;
			buildConfigurationList = AD1AA90E2105D8120075D142 /* Build configuration list for PBXNativeTarget "LeisureMapTests" */;
			buildPhases = (
				AD1AA8F32105D8120075D142 /* Sources */,
				AD1AA8F42105D8120075D142 /* Frameworks */,
				AD1AA8F52105D8120075D142 /* Resources */,
			);
			buildRules = (
			);
			dependencies = (
				AD1AA8F92105D8120075D142 /* PBXTargetDependency */,
			);
			name = LeisureMapTests;
			productName = LeisureMapTests;
			productReference = AD1AA8F72105D8120075D142 /* LeisureMapTests.xctest */;
			productType = "com.apple.product-type.bundle.unit-test";
		};
		AD1AA9012105D8120075D142 /* LeisureMapUITests */ = {
			isa = PBXNativeTarget;
			buildConfigurationList = AD1AA9112105D8120075D142 /* Build configuration list for PBXNativeTarget "LeisureMapUITests" */;
			buildPhases = (
				AD1AA8FE2105D8120075D142 /* Sources */,
				AD1AA8FF2105D8120075D142 /* Frameworks */,
				AD1AA9002105D8120075D142 /* Resources */,
			);
			buildRules = (
			);
			dependencies = (
				AD1AA9042105D8120075D142 /* PBXTargetDependency */,
			);
			name = LeisureMapUITests;
			productName = LeisureMapUITests;
			productReference = AD1AA9022105D8120075D142 /* LeisureMapUITests.xctest */;
			productType = "com.apple.product-type.bundle.ui-testing";
		};
/* End PBXNativeTarget section */

/* Begin PBXProject section */
		AD1AA8DB2105D80E0075D142 /* Project object */ = {
			isa = PBXProject;
			attributes = {
				LastSwiftUpdateCheck = 1000;
				LastUpgradeCheck = 1000;
				ORGANIZATIONNAME = miao;
				TargetAttributes = {
					AD1AA8E22105D80E0075D142 = {
						CreatedOnToolsVersion = 10.0;
					};
					AD1AA8F62105D8120075D142 = {
						CreatedOnToolsVersion = 10.0;
						TestTargetID = AD1AA8E22105D80E0075D142;
					};
					AD1AA9012105D8120075D142 = {
						CreatedOnToolsVersion = 10.0;
						TestTargetID = AD1AA8E22105D80E0075D142;
					};
				};
			};
			buildConfigurationList = AD1AA8DE2105D80E0075D142 /* Build configuration list for PBXProject "LeisureMap" */;
			compatibilityVersion = "Xcode 9.3";
			developmentRegion = en;
			hasScannedForEncodings = 0;
			knownRegions = (
				en,
				Base,
			);
			mainGroup = AD1AA8DA2105D80E0075D142;
			productRefGroup = AD1AA8E42105D80E0075D142 /* Products */;
			projectDirPath = "";
			projectRoot = "";
			targets = (
				AD1AA8E22105D80E0075D142 /* LeisureMap */,
				AD1AA8F62105D8120075D142 /* LeisureMapTests */,
				AD1AA9012105D8120075D142 /* LeisureMapUITests */,
			);
		};
/* End PBXProject section */

/* Begin PBXResourcesBuildPhase section */
		AD1AA8E12105D80E0075D142 /* Resources */ = {
			isa = PBXResourcesBuildPhase;
			buildActionMask = 2147483647;
			files = (
				AD1AA8F12105D8120075D142 /* LaunchScreen.storyboard in Resources */,
				AD1AA8EE2105D8120075D142 /* Assets.xcassets in Resources */,
				AD1AA8EC2105D80E0075D142 /* Main.storyboard in Resources */,
			);
			runOnlyForDeploymentPostprocessing = 0;
		};
		AD1AA8F52105D8120075D142 /* Resources */ = {
			isa = PBXResourcesBuildPhase;
			buildActionMask = 2147483647;
			files = (
			);
			runOnlyForDeploymentPostprocessing = 0;
		};
		AD1AA9002105D8120075D142 /* Resources */ = {
			isa = PBXResourcesBuildPhase;
			buildActionMask = 2147483647;
			files = (
			);
			runOnlyForDeploymentPostprocessing = 0;
		};
/* End PBXResourcesBuildPhase section */

/* Begin PBXSourcesBuildPhase section */
		AD1AA8DF2105D80E0075D142 /* Sources */ = {
			isa = PBXSourcesBuildPhase;
			buildActionMask = 2147483647;
			files = (
				AD1AA8E92105D80E0075D142 /* ViewController.swift in Sources */,
				AD1AA8E72105D80E0075D142 /* AppDelegate.swift in Sources */,
			);
			runOnlyForDeploymentPostprocessing = 0;
		};
		AD1AA8F32105D8120075D142 /* Sources */ = {
			isa = PBXSourcesBuildPhase;
			buildActionMask = 2147483647;
			files = (
				AD1AA8FC2105D8120075D142 /* LeisureMapTests.swift in Sources */,
			);
			runOnlyForDeploymentPostprocessing = 0;
		};
		AD1AA8FE2105D8120075D142 /* Sources */ = {
			isa = PBXSourcesBuildPhase;
			buildActionMask = 2147483647;
			files = (
				AD1AA9072105D8120075D142 /* LeisureMapUITests.swift in Sources */,
			);
			runOnlyForDeploymentPostprocessing = 0;
		};
/* End PBXSourcesBuildPhase section */

/* Begin PBXTargetDependency section */
		AD1AA8F92105D8120075D142 /* PBXTargetDependency */ = {
			isa = PBXTargetDependency;
			target = AD1AA8E22105D80E0075D142 /* LeisureMap */;
			targetProxy = AD1AA8F82105D8120075D142 /* PBXContainerItemProxy */;
		};
		AD1AA9042105D8120075D142 /* PBXTargetDependency */ = {
			isa = PBXTargetDependency;
			target = AD1AA8E22105D80E0075D142 /* LeisureMap */;
			targetProxy = AD1AA9032105D8120075D142 /* PBXContainerItemProxy */;
		};
/* End PBXTargetDependency section */

/* Begin PBXVariantGroup section */
		AD1AA8EA2105D80E0075D142 /* Main.storyboard */ = {
			isa = PBXVariantGroup;
			children = (
				AD1AA8EB2105D80E0075D142 /* Base */,
			);
			name = Main.storyboard;
			sourceTree = "<group>";
		};
		AD1AA8EF2105D8120075D142 /* LaunchScreen.storyboard */ = {
			isa = PBXVariantGroup;
			children = (
				AD1AA8F02105D8120075D142 /* Base */,
			);
			name = LaunchScreen.storyboard;
			sourceTree = "<group>";
		};
/* End PBXVariantGroup section */

/* Begin XCBuildConfiguration section */
		AD1AA9092105D8120075D142 /* Debug */ = {
			isa = XCBuildConfiguration;
			buildSettings = {
				ALWAYS_SEARCH_USER_PATHS = NO;
				CLANG_ANALYZER_NONNULL = YES;
				CLANG_ANALYZER_NUMBER_OBJECT_CONVERSION = YES_AGGRESSIVE;
				CLANG_CXX_LANGUAGE_STANDARD = "gnu++14";
				CLANG_CXX_LIBRARY = "libc++";
				CLANG_ENABLE_MODULES = YES;
				CLANG_ENABLE_OBJC_ARC = YES;
				CLANG_ENABLE_OBJC_WEAK = YES;
				CLANG_WARN_BLOCK_CAPTURE_AUTORELEASING = YES;
				CLANG_WARN_BOOL_CONVERSION = YES;
				CLANG_WARN_COMMA = YES;
				CLANG_WARN_CONSTANT_CONVERSION = YES;
				CLANG_WARN_DEPRECATED_OBJC_IMPLEMENTATIONS = YES;
				CLANG_WARN_DIRECT_OBJC_ISA_USAGE = YES_ERROR;
				CLANG_WARN_DOCUMENTATION_COMMENTS = YES;
				CLANG_WARN_EMPTY_BODY = YES;
				CLANG_WARN_ENUM_CONVERSION = YES;
				CLANG_WARN_INFINITE_RECURSION = YES;
				CLANG_WARN_INT_CONVERSION = YES;
				CLANG_WARN_NON_LITERAL_NULL_CONVERSION = YES;
				CLANG_WARN_OBJC_IMPLICIT_RETAIN_SELF = YES;
				CLANG_WARN_OBJC_LITERAL_CONVERSION = YES;
				CLANG_WARN_OBJC_ROOT_CLASS = YES_ERROR;
				CLANG_WARN_RANGE_LOOP_ANALYSIS = YES;
				CLANG_WARN_STRICT_PROTOTYPES = YES;
				CLANG_WARN_SUSPICIOUS_MOVE = YES;
				CLANG_WARN_UNGUARDED_AVAILABILITY = YES_AGGRESSIVE;
				CLANG_WARN_UNREACHABLE_CODE = YES;
				CLANG_WARN__DUPLICATE_METHOD_MATCH = YES;
				CODE_SIGN_IDENTITY = "iPhone Developer";
				COPY_PHASE_STRIP = NO;
				DEBUG_INFORMATION_FORMAT = dwarf;
				ENABLE_STRICT_OBJC_MSGSEND = YES;
				ENABLE_TESTABILITY = YES;
				GCC_C_LANGUAGE_STANDARD = gnu11;
				GCC_DYNAMIC_NO_PIC = NO;
				GCC_NO_COMMON_BLOCKS = YES;
				GCC_OPTIMIZATION_LEVEL = 0;
				GCC_PREPROCESSOR_DEFINITIONS = (
					"DEBUG=1",
					"$(inherited)",
				);
				GCC_WARN_64_TO_32_BIT_CONVERSION = YES;
				GCC_WARN_ABOUT_RETURN_TYPE = YES_ERROR;
				GCC_WARN_UNDECLARED_SELECTOR = YES;
				GCC_WARN_UNINITIALIZED_AUTOS = YES_AGGRESSIVE;
				GCC_WARN_UNUSED_FUNCTION = YES;
				GCC_WARN_UNUSED_VARIABLE = YES;
				IPHONEOS_DEPLOYMENT_TARGET = 12.0;
				MTL_ENABLE_DEBUG_INFO = INCLUDE_SOURCE;
				MTL_FAST_MATH = YES;
				ONLY_ACTIVE_ARCH = YES;
				SDKROOT = iphoneos;
				SWIFT_ACTIVE_COMPILATION_CONDITIONS = DEBUG;
				SWIFT_OPTIMIZATION_LEVEL = "-Onone";
			};
			name = Debug;
		};
		AD1AA90A2105D8120075D142 /* Release */ = {
			isa = XCBuildConfiguration;
			buildSettings = {
				ALWAYS_SEARCH_USER_PATHS = NO;
				CLANG_ANALYZER_NONNULL = YES;
				CLANG_ANALYZER_NUMBER_OBJECT_CONVERSION = YES_AGGRESSIVE;
				CLANG_CXX_LANGUAGE_STANDARD = "gnu++14";
				CLANG_CXX_LIBRARY = "libc++";
				CLANG_ENABLE_MODULES = YES;
				CLANG_ENABLE_OBJC_ARC = YES;
				CLANG_ENABLE_OBJC_WEAK = YES;
				CLANG_WARN_BLOCK_CAPTURE_AUTORELEASING = YES;
				CLANG_WARN_BOOL_CONVERSION = YES;
				CLANG_WARN_COMMA = YES;
				CLANG_WARN_CONSTANT_CONVERSION = YES;
				CLANG_WARN_DEPRECATED_OBJC_IMPLEMENTATIONS = YES;
				CLANG_WARN_DIRECT_OBJC_ISA_USAGE = YES_ERROR;
				CLANG_WARN_DOCUMENTATION_COMMENTS = YES;
				CLANG_WARN_EMPTY_BODY = YES;
				CLANG_WARN_ENUM_CONVERSION = YES;
				CLANG_WARN_INFINITE_RECURSION = YES;
				CLANG_WARN_INT_CONVERSION = YES;
				CLANG_WARN_NON_LITERAL_NULL_CONVERSION = YES;
				CLANG_WARN_OBJC_IMPLICIT_RETAIN_SELF = YES;
				CLANG_WARN_OBJC_LITERAL_CONVERSION = YES;
				CLANG_WARN_OBJC_ROOT_CLASS = YES_ERROR;
				CLANG_WARN_RANGE_LOOP_ANALYSIS = YES;
				CLANG_WARN_STRICT_PROTOTYPES = YES;
				CLANG_WARN_SUSPICIOUS_MOVE = YES;
				CLANG_WARN_UNGUARDED_AVAILABILITY = YES_AGGRESSIVE;
				CLANG_WARN_UNREACHABLE_CODE = YES;
				CLANG_WARN__DUPLICATE_METHOD_MATCH = YES;
				CODE_SIGN_IDENTITY = "iPhone Developer";
				COPY_PHASE_STRIP = NO;
				DEBUG_INFORMATION_FORMAT = "dwarf-with-dsym";
				ENABLE_NS_ASSERTIONS = NO;
				ENABLE_STRICT_OBJC_MSGSEND = YES;
				GCC_C_LANGUAGE_STANDARD = gnu11;
				GCC_NO_COMMON_BLOCKS = YES;
				GCC_WARN_64_TO_32_BIT_CONVERSION = YES;
				GCC_WARN_ABOUT_RETURN_TYPE = YES_ERROR;
				GCC_WARN_UNDECLARED_SELECTOR = YES;
				GCC_WARN_UNINITIALIZED_AUTOS = YES_AGGRESSIVE;
				GCC_WARN_UNUSED_FUNCTION = YES;
				GCC_WARN_UNUSED_VARIABLE = YES;
				IPHONEOS_DEPLOYMENT_TARGET = 12.0;
				MTL_ENABLE_DEBUG_INFO = NO;
				MTL_FAST_MATH = YES;
				SDKROOT = iphoneos;
				SWIFT_COMPILATION_MODE = wholemodule;
				SWIFT_OPTIMIZATION_LEVEL = "-O";
				VALIDATE_PRODUCT = YES;
			};
			name = Release;
		};
		AD1AA90C2105D8120075D142 /* Debug */ = {
			isa = XCBuildConfiguration;
			buildSettings = {
				ASSETCATALOG_COMPILER_APPICON_NAME = AppIcon;
				CODE_SIGN_STYLE = Automatic;
				INFOPLIST_FILE = LeisureMap/Info.plist;
				LD_RUNPATH_SEARCH_PATHS = (
					"$(inherited)",
					"@executable_path/Frameworks",
				);
				PRODUCT_BUNDLE_IDENTIFIER = com.miao.LeisureMap;
				PRODUCT_NAME = "$(TARGET_NAME)";
				SWIFT_VERSION = 4.2;
				TARGETED_DEVICE_FAMILY = "1,2";
			};
			name = Debug;
		};
		AD1AA90D2105D8120075D142 /* Release */ = {
			isa = XCBuildConfiguration;
			buildSettings = {
				ASSETCATALOG_COMPILER_APPICON_NAME = AppIcon;
				CODE_SIGN_STYLE = Automatic;
				INFOPLIST_FILE = LeisureMap/Info.plist;
				LD_RUNPATH_SEARCH_PATHS = (
					"$(inherited)",
					"@executable_path/Frameworks",
				);
				PRODUCT_BUNDLE_IDENTIFIER = com.miao.LeisureMap;
				PRODUCT_NAME = "$(TARGET_NAME)";
				SWIFT_VERSION = 4.2;
				TARGETED_DEVICE_FAMILY = "1,2";
			};
			name = Release;
		};
		AD1AA90F2105D8120075D142 /* Debug */ = {
			isa = XCBuildConfiguration;
			buildSettings = {
				ALWAYS_EMBED_SWIFT_STANDARD_LIBRARIES = YES;
				BUNDLE_LOADER = "$(TEST_HOST)";
				CODE_SIGN_STYLE = Automatic;
				INFOPLIST_FILE = LeisureMapTests/Info.plist;
				LD_RUNPATH_SEARCH_PATHS = (
					"$(inherited)",
					"@executable_path/Frameworks",
					"@loader_path/Frameworks",
				);
				PRODUCT_BUNDLE_IDENTIFIER = com.miao.LeisureMapTests;
				PRODUCT_NAME = "$(TARGET_NAME)";
				SWIFT_VERSION = 4.2;
				TARGETED_DEVICE_FAMILY = "1,2";
				TEST_HOST = "$(BUILT_PRODUCTS_DIR)/LeisureMap.app/LeisureMap";
			};
			name = Debug;
		};
		AD1AA9102105D8120075D142 /* Release */ = {
			isa = XCBuildConfiguration;
			buildSettings = {
				ALWAYS_EMBED_SWIFT_STANDARD_LIBRARIES = YES;
				BUNDLE_LOADER = "$(TEST_HOST)";
				CODE_SIGN_STYLE = Automatic;
				INFOPLIST_FILE = LeisureMapTests/Info.plist;
				LD_RUNPATH_SEARCH_PATHS = (
					"$(inherited)",
					"@executable_path/Frameworks",
					"@loader_path/Frameworks",
				);
				PRODUCT_BUNDLE_IDENTIFIER = com.miao.LeisureMapTests;
				PRODUCT_NAME = "$(TARGET_NAME)";
				SWIFT_VERSION = 4.2;
				TARGETED_DEVICE_FAMILY = "1,2";
				TEST_HOST = "$(BUILT_PRODUCTS_DIR)/LeisureMap.app/LeisureMap";
			};
			name = Release;
		};
		AD1AA9122105D8120075D142 /* Debug */ = {
			isa = XCBuildConfiguration;
			buildSettings = {
				ALWAYS_EMBED_SWIFT_STANDARD_LIBRARIES = YES;
				CODE_SIGN_STYLE = Automatic;
				INFOPLIST_FILE = LeisureMapUITests/Info.plist;
				LD_RUNPATH_SEARCH_PATHS = (
					"$(inherited)",
					"@executable_path/Frameworks",
					"@loader_path/Frameworks",
				);
				PRODUCT_BUNDLE_IDENTIFIER = com.miao.LeisureMapUITests;
				PRODUCT_NAME = "$(TARGET_NAME)";
				SWIFT_VERSION = 4.2;
				TARGETED_DEVICE_FAMILY = "1,2";
				TEST_TARGET_NAME = LeisureMap;
			};
			name = Debug;
		};
		AD1AA9132105D8120075D142 /* Release */ = {
			isa = XCBuildConfiguration;
			buildSettings = {
				ALWAYS_EMBED_SWIFT_STANDARD_LIBRARIES = YES;
				CODE_SIGN_STYLE = Automatic;
				INFOPLIST_FILE = LeisureMapUITests/Info.plist;
				LD_RUNPATH_SEARCH_PATHS = (
					"$(inherited)",
					"@executable_path/Frameworks",
					"@loader_path/Frameworks",
				);
				PRODUCT_BUNDLE_IDENTIFIER = com.miao.LeisureMapUITests;
				PRODUCT_NAME = "$(TARGET_NAME)";
				SWIFT_VERSION = 4.2;
				TARGETED_DEVICE_FAMILY = "1,2";
				TEST_TARGET_NAME = LeisureMap;
			};
			name = Release;
		};
/* End XCBuildConfiguration section */

/* Begin XCConfigurationList section */
		AD1AA8DE2105D80E0075D142 /* Build configuration list for PBXProject "LeisureMap" */ = {
			isa = XCConfigurationList;
			buildConfigurations = (
				AD1AA9092105D8120075D142 /* Debug */,
				AD1AA90A2105D8120075D142 /* Release */,
			);
			defaultConfigurationIsVisible = 0;
			defaultConfigurationName = Release;
		};
		AD1AA90B2105D8120075D142 /* Build configuration list for PBXNativeTarget "LeisureMap" */ = {
			isa = XCConfigurationList;
			buildConfigurations = (
				AD1AA90C2105D8120075D142 /* Debug */,
				AD1AA90D2105D8120075D142 /* Release */,
			);
			defaultConfigurationIsVisible = 0;
			defaultConfigurationName = Release;
		};
		AD1AA90E2105D8120075D142 /* Build configuration list for PBXNativeTarget "LeisureMapTests" */ = {
			isa = XCConfigurationList;
			buildConfigurations = (
				AD1AA90F2105D8120075D142 /* Debug */,
				AD1AA9102105D8120075D142 /* Release */,
			);
			defaultConfigurationIsVisible = 0;
			defaultConfigurationName = Release;
		};
		AD1AA9112105D8120075D142 /* Build configuration list for PBXNativeTarget "LeisureMapUITests" */ = {
			isa = XCConfigurationList;
			buildConfigurations = (
				AD1AA9122105D8120075D142 /* Debug */,
				AD1AA9132105D8120075D142 /* Release */,
			);
			defaultConfigurationIsVisible = 0;
			defaultConfigurationName = Release;
		};
/* End XCConfigurationList section */
	};
	rootObject = AD1AA8DB2105D80E0075D142 /* Project object */;
}
